
Microsoft Visual Studio Solution File, Format Version 12.00
# Visual Studio Version 17
VisualStudioVersion = 17.7.34202.233
MinimumVisualStudioVersion = 10.0.40219.1
Project("{FAE04EC0-301F-11D3-BF4B-00C04F79EFBC}") = "CalcularAreas", "CalcularAreas.csproj", "{670D5224-5DE2-4076-A465-C444D031C0CF}"
EndProject
Global
	GlobalSection(SolutionConfigurationPlatforms) = preSolution
		Debug|Any CPU = Debug|Any CPU
		Release|Any CPU = Release|Any CPU
	EndGlobalSection
	GlobalSection(ProjectConfigurationPlatforms) = postSolution
		{670D5224-5DE2-4076-A465-C444D031C0CF}.Debug|Any CPU.ActiveCfg = Debug|Any CPU
		{670D5224-5DE2-4076-A465-C444D031C0CF}.Debug|Any CPU.Build.0 = Debug|Any CPU
		{670D5224-5DE2-4076-A465-C444D031C0CF}.Release|Any CPU.ActiveCfg = Release|Any CPU
		{670D5224-5DE2-4076-A465-C444D031C0CF}.Release|Any CPU.Build.0 = Release|Any CPU
	EndGlobalSection
	GlobalSection(SolutionProperties) = preSolution
		HideSolutionNode = FALSE
	EndGlobalSection
	GlobalSection(ExtensibilityGlobals) = postSolution
		SolutionGuid = {E35E2F13-DEF6-4CFA-943F-26DBDB7BC960}
	EndGlobalSection
EndGlobal
